// !$*UTF8*$!
{
	archiveVersion = 1;
	classes = {
	};
	objectVersion = 56;
	objects = {

/* Begin PBXBuildFile section */
		F80D4E602C140B7F00AA6B25 /* Extension + PDFView.swift in Sources */ = {isa = PBXBuildFile; fileRef = F80D4E5F2C140B7F00AA6B25 /* Extension + PDFView.swift */; };
		F80D4E632C140C0E00AA6B25 /* CacheManager.swift in Sources */ = {isa = PBXBuildFile; fileRef = F80D4E622C140C0E00AA6B25 /* CacheManager.swift */; };
		F8643F1C2C11DE84000D15A5 /* AppDelegate.swift in Sources */ = {isa = PBXBuildFile; fileRef = F8643F1B2C11DE84000D15A5 /* AppDelegate.swift */; };
		F8643F1E2C11DE84000D15A5 /* SceneDelegate.swift in Sources */ = {isa = PBXBuildFile; fileRef = F8643F1D2C11DE84000D15A5 /* SceneDelegate.swift */; };
		F8643F202C11DE84000D15A5 /* SearchViewController.swift in Sources */ = {isa = PBXBuildFile; fileRef = F8643F1F2C11DE84000D15A5 /* SearchViewController.swift */; };
		F8643F252C11DE84000D15A5 /* Assets.xcassets in Resources */ = {isa = PBXBuildFile; fileRef = F8643F242C11DE84000D15A5 /* Assets.xcassets */; };
		F8643F312C11DFE3000D15A5 /* NetworkManager.swift in Sources */ = {isa = PBXBuildFile; fileRef = F8643F302C11DFE3000D15A5 /* NetworkManager.swift */; };
		F8643F332C11E343000D15A5 /* NetworkError.swift in Sources */ = {isa = PBXBuildFile; fileRef = F8643F322C11E343000D15A5 /* NetworkError.swift */; };
		F8643F442C11E3ED000D15A5 /* NetworkManagerTests.swift in Sources */ = {isa = PBXBuildFile; fileRef = F8643F432C11E3ED000D15A5 /* NetworkManagerTests.swift */; };
		F8643F472C11EA4E000D15A5 /* Book.swift in Sources */ = {isa = PBXBuildFile; fileRef = F8643F462C11EA4E000D15A5 /* Book.swift */; };
		F8643F492C11EAB4000D15A5 /* BookList.swift in Sources */ = {isa = PBXBuildFile; fileRef = F8643F482C11EAB4000D15A5 /* BookList.swift */; };
		F8643F4B2C11ED66000D15A5 /* URLSessionProtocol.swift in Sources */ = {isa = PBXBuildFile; fileRef = F8643F4A2C11ED66000D15A5 /* URLSessionProtocol.swift */; };
		F8643F4E2C11EF38000D15A5 /* SearchBookRepository.swift in Sources */ = {isa = PBXBuildFile; fileRef = F8643F4D2C11EF38000D15A5 /* SearchBookRepository.swift */; };
		F8643F512C11EF83000D15A5 /* BookNetwork.swift in Sources */ = {isa = PBXBuildFile; fileRef = F8643F502C11EF83000D15A5 /* BookNetwork.swift */; };
		F8643F532C11F592000D15A5 /* BookNetworkTests.swift in Sources */ = {isa = PBXBuildFile; fileRef = F8643F522C11F592000D15A5 /* BookNetworkTests.swift */; };
		F8643F572C11F8F9000D15A5 /* MockURLSession.swift in Sources */ = {isa = PBXBuildFile; fileRef = F8643F562C11F8F9000D15A5 /* MockURLSession.swift */; };
		F8643F592C11F9ED000D15A5 /* MockNetworkManager.swift in Sources */ = {isa = PBXBuildFile; fileRef = F8643F582C11F9ED000D15A5 /* MockNetworkManager.swift */; };
		F8643F5D2C12B9FC000D15A5 /* SearchViewModel.swift in Sources */ = {isa = PBXBuildFile; fileRef = F8643F5C2C12B9FC000D15A5 /* SearchViewModel.swift */; };
		F8643F602C12C4C2000D15A5 /* Extension + UITextField.swift in Sources */ = {isa = PBXBuildFile; fileRef = F8643F5F2C12C4C2000D15A5 /* Extension + UITextField.swift */; };
		F8643F622C12C85D000D15A5 /* SearchTableViewCell.swift in Sources */ = {isa = PBXBuildFile; fileRef = F8643F612C12C85D000D15A5 /* SearchTableViewCell.swift */; };
		F8643F652C12C8CF000D15A5 /* Extension + UIImageView.swift in Sources */ = {isa = PBXBuildFile; fileRef = F8643F642C12C8CF000D15A5 /* Extension + UIImageView.swift */; };
		F8643F682C12CEC3000D15A5 /* SearchTextField.swift in Sources */ = {isa = PBXBuildFile; fileRef = F8643F672C12CEC3000D15A5 /* SearchTextField.swift */; };
		F8643F902C12E673000D15A5 /* SearchViewModelTests.swift in Sources */ = {isa = PBXBuildFile; fileRef = F8643F8F2C12E673000D15A5 /* SearchViewModelTests.swift */; };
		F8643F922C12EE48000D15A5 /* MockSearchRepository.swift in Sources */ = {isa = PBXBuildFile; fileRef = F8643F912C12EE48000D15A5 /* MockSearchRepository.swift */; };
		F8643F942C12F038000D15A5 /* SearchViewCoordinator.swift in Sources */ = {isa = PBXBuildFile; fileRef = F8643F932C12F038000D15A5 /* SearchViewCoordinator.swift */; };
		F8643F972C12F1AF000D15A5 /* BookViewController.swift in Sources */ = {isa = PBXBuildFile; fileRef = F8643F962C12F1AF000D15A5 /* BookViewController.swift */; };
		F8643F992C12F1B6000D15A5 /* BookViewModel.swift in Sources */ = {isa = PBXBuildFile; fileRef = F8643F982C12F1B6000D15A5 /* BookViewModel.swift */; };
		F8643F9B2C12F7E6000D15A5 /* BookView.swift in Sources */ = {isa = PBXBuildFile; fileRef = F8643F9A2C12F7E6000D15A5 /* BookView.swift */; };
		F8643F9E2C12F9E1000D15A5 /* LinkButton.swift in Sources */ = {isa = PBXBuildFile; fileRef = F8643F9D2C12F9E1000D15A5 /* LinkButton.swift */; };
/* End PBXBuildFile section */

/* Begin PBXContainerItemProxy section */
		F8643F3E2C11E3E2000D15A5 /* PBXContainerItemProxy */ = {
			isa = PBXContainerItemProxy;
			containerPortal = F8643F102C11DE83000D15A5 /* Project object */;
			proxyType = 1;
			remoteGlobalIDString = F8643F172C11DE84000D15A5;
			remoteInfo = MyBooks;
		};
/* End PBXContainerItemProxy section */

/* Begin PBXFileReference section */
		F80D4E5F2C140B7F00AA6B25 /* Extension + PDFView.swift */ = {isa = PBXFileReference; lastKnownFileType = sourcecode.swift; path = "Extension + PDFView.swift"; sourceTree = "<group>"; };
		F80D4E622C140C0E00AA6B25 /* CacheManager.swift */ = {isa = PBXFileReference; lastKnownFileType = sourcecode.swift; path = CacheManager.swift; sourceTree = "<group>"; };
		F8643F182C11DE84000D15A5 /* MyBooks.app */ = {isa = PBXFileReference; explicitFileType = wrapper.application; includeInIndex = 0; path = MyBooks.app; sourceTree = BUILT_PRODUCTS_DIR; };
		F8643F1B2C11DE84000D15A5 /* AppDelegate.swift */ = {isa = PBXFileReference; lastKnownFileType = sourcecode.swift; path = AppDelegate.swift; sourceTree = "<group>"; };
		F8643F1D2C11DE84000D15A5 /* SceneDelegate.swift */ = {isa = PBXFileReference; lastKnownFileType = sourcecode.swift; path = SceneDelegate.swift; sourceTree = "<group>"; };
		F8643F1F2C11DE84000D15A5 /* SearchViewController.swift */ = {isa = PBXFileReference; lastKnownFileType = sourcecode.swift; path = SearchViewController.swift; sourceTree = "<group>"; };
		F8643F242C11DE84000D15A5 /* Assets.xcassets */ = {isa = PBXFileReference; lastKnownFileType = folder.assetcatalog; path = Assets.xcassets; sourceTree = "<group>"; };
		F8643F292C11DE84000D15A5 /* Info.plist */ = {isa = PBXFileReference; lastKnownFileType = text.plist.xml; path = Info.plist; sourceTree = "<group>"; };
		F8643F302C11DFE3000D15A5 /* NetworkManager.swift */ = {isa = PBXFileReference; lastKnownFileType = sourcecode.swift; path = NetworkManager.swift; sourceTree = "<group>"; };
		F8643F322C11E343000D15A5 /* NetworkError.swift */ = {isa = PBXFileReference; lastKnownFileType = sourcecode.swift; path = NetworkError.swift; sourceTree = "<group>"; };
		F8643F3A2C11E3E1000D15A5 /* MyBooksTests.xctest */ = {isa = PBXFileReference; explicitFileType = wrapper.cfbundle; includeInIndex = 0; path = MyBooksTests.xctest; sourceTree = BUILT_PRODUCTS_DIR; };
		F8643F432C11E3ED000D15A5 /* NetworkManagerTests.swift */ = {isa = PBXFileReference; lastKnownFileType = sourcecode.swift; path = NetworkManagerTests.swift; sourceTree = "<group>"; };
		F8643F462C11EA4E000D15A5 /* Book.swift */ = {isa = PBXFileReference; lastKnownFileType = sourcecode.swift; path = Book.swift; sourceTree = "<group>"; };
		F8643F482C11EAB4000D15A5 /* BookList.swift */ = {isa = PBXFileReference; lastKnownFileType = sourcecode.swift; path = BookList.swift; sourceTree = "<group>"; };
		F8643F4A2C11ED66000D15A5 /* URLSessionProtocol.swift */ = {isa = PBXFileReference; lastKnownFileType = sourcecode.swift; path = URLSessionProtocol.swift; sourceTree = "<group>"; };
		F8643F4D2C11EF38000D15A5 /* SearchBookRepository.swift */ = {isa = PBXFileReference; lastKnownFileType = sourcecode.swift; path = SearchBookRepository.swift; sourceTree = "<group>"; };
		F8643F502C11EF83000D15A5 /* BookNetwork.swift */ = {isa = PBXFileReference; lastKnownFileType = sourcecode.swift; path = BookNetwork.swift; sourceTree = "<group>"; };
		F8643F522C11F592000D15A5 /* BookNetworkTests.swift */ = {isa = PBXFileReference; lastKnownFileType = sourcecode.swift; path = BookNetworkTests.swift; sourceTree = "<group>"; };
		F8643F562C11F8F9000D15A5 /* MockURLSession.swift */ = {isa = PBXFileReference; lastKnownFileType = sourcecode.swift; path = MockURLSession.swift; sourceTree = "<group>"; };
		F8643F582C11F9ED000D15A5 /* MockNetworkManager.swift */ = {isa = PBXFileReference; lastKnownFileType = sourcecode.swift; path = MockNetworkManager.swift; sourceTree = "<group>"; };
		F8643F5C2C12B9FC000D15A5 /* SearchViewModel.swift */ = {isa = PBXFileReference; lastKnownFileType = sourcecode.swift; path = SearchViewModel.swift; sourceTree = "<group>"; };
		F8643F5F2C12C4C2000D15A5 /* Extension + UITextField.swift */ = {isa = PBXFileReference; lastKnownFileType = sourcecode.swift; path = "Extension + UITextField.swift"; sourceTree = "<group>"; };
		F8643F612C12C85D000D15A5 /* SearchTableViewCell.swift */ = {isa = PBXFileReference; lastKnownFileType = sourcecode.swift; path = SearchTableViewCell.swift; sourceTree = "<group>"; };
		F8643F642C12C8CF000D15A5 /* Extension + UIImageView.swift */ = {isa = PBXFileReference; lastKnownFileType = sourcecode.swift; path = "Extension + UIImageView.swift"; sourceTree = "<group>"; };
		F8643F672C12CEC3000D15A5 /* SearchTextField.swift */ = {isa = PBXFileReference; lastKnownFileType = sourcecode.swift; path = SearchTextField.swift; sourceTree = "<group>"; };
		F8643F8F2C12E673000D15A5 /* SearchViewModelTests.swift */ = {isa = PBXFileReference; lastKnownFileType = sourcecode.swift; path = SearchViewModelTests.swift; sourceTree = "<group>"; };
		F8643F912C12EE48000D15A5 /* MockSearchRepository.swift */ = {isa = PBXFileReference; lastKnownFileType = sourcecode.swift; path = MockSearchRepository.swift; sourceTree = "<group>"; };
		F8643F932C12F038000D15A5 /* SearchViewCoordinator.swift */ = {isa = PBXFileReference; lastKnownFileType = sourcecode.swift; path = SearchViewCoordinator.swift; sourceTree = "<group>"; };
		F8643F962C12F1AF000D15A5 /* BookViewController.swift */ = {isa = PBXFileReference; lastKnownFileType = sourcecode.swift; path = BookViewController.swift; sourceTree = "<group>"; };
		F8643F982C12F1B6000D15A5 /* BookViewModel.swift */ = {isa = PBXFileReference; lastKnownFileType = sourcecode.swift; path = BookViewModel.swift; sourceTree = "<group>"; };
		F8643F9A2C12F7E6000D15A5 /* BookView.swift */ = {isa = PBXFileReference; lastKnownFileType = sourcecode.swift; path = BookView.swift; sourceTree = "<group>"; };
		F8643F9D2C12F9E1000D15A5 /* LinkButton.swift */ = {isa = PBXFileReference; lastKnownFileType = sourcecode.swift; path = LinkButton.swift; sourceTree = "<group>"; };
/* End PBXFileReference section */

/* Begin PBXFrameworksBuildPhase section */
		F8643F152C11DE84000D15A5 /* Frameworks */ = {
			isa = PBXFrameworksBuildPhase;
			buildActionMask = 2147483647;
			files = (
			);
			runOnlyForDeploymentPostprocessing = 0;
		};
		F8643F372C11E3E1000D15A5 /* Frameworks */ = {
			isa = PBXFrameworksBuildPhase;
			buildActionMask = 2147483647;
			files = (
			);
			runOnlyForDeploymentPostprocessing = 0;
		};
/* End PBXFrameworksBuildPhase section */

/* Begin PBXGroup section */
		F80D4E612C140C0400AA6B25 /* Util */ = {
			isa = PBXGroup;
			children = (
				F80D4E622C140C0E00AA6B25 /* CacheManager.swift */,
			);
			path = Util;
			sourceTree = "<group>";
		};
		F8643F0F2C11DE83000D15A5 = {
			isa = PBXGroup;
			children = (
				F8643F1A2C11DE84000D15A5 /* MyBooks */,
				F8643F3B2C11E3E2000D15A5 /* MyBooksTests */,
				F8643F192C11DE84000D15A5 /* Products */,
			);
			sourceTree = "<group>";
		};
		F8643F192C11DE84000D15A5 /* Products */ = {
			isa = PBXGroup;
			children = (
				F8643F182C11DE84000D15A5 /* MyBooks.app */,
				F8643F3A2C11E3E1000D15A5 /* MyBooksTests.xctest */,
			);
			name = Products;
			sourceTree = "<group>";
		};
		F8643F1A2C11DE84000D15A5 /* MyBooks */ = {
			isa = PBXGroup;
			children = (
				F8643F1B2C11DE84000D15A5 /* AppDelegate.swift */,
				F8643F1D2C11DE84000D15A5 /* SceneDelegate.swift */,
				F80D4E612C140C0400AA6B25 /* Util */,
				F8643F5E2C12C4AE000D15A5 /* Extension */,
				F8643F5A2C12B9CE000D15A5 /* Presentation */,
				F8643F4C2C11EF21000D15A5 /* Repository */,
				F8643F452C11EA40000D15A5 /* Entity */,
				F8643F2F2C11DF67000D15A5 /* Network */,
				F8643F242C11DE84000D15A5 /* Assets.xcassets */,
				F8643F292C11DE84000D15A5 /* Info.plist */,
			);
			path = MyBooks;
			sourceTree = "<group>";
		};
		F8643F2F2C11DF67000D15A5 /* Network */ = {
			isa = PBXGroup;
			children = (
				F8643F4F2C11EF6F000D15A5 /* Base */,
				F8643F502C11EF83000D15A5 /* BookNetwork.swift */,
			);
			path = Network;
			sourceTree = "<group>";
		};
		F8643F3B2C11E3E2000D15A5 /* MyBooksTests */ = {
			isa = PBXGroup;
			children = (
				F8643F432C11E3ED000D15A5 /* NetworkManagerTests.swift */,
				F8643F542C11F8E7000D15A5 /* Mock */,
				F8643F522C11F592000D15A5 /* BookNetworkTests.swift */,
				F8643F8F2C12E673000D15A5 /* SearchViewModelTests.swift */,
			);
			path = MyBooksTests;
			sourceTree = "<group>";
		};
		F8643F452C11EA40000D15A5 /* Entity */ = {
			isa = PBXGroup;
			children = (
				F8643F462C11EA4E000D15A5 /* Book.swift */,
				F8643F482C11EAB4000D15A5 /* BookList.swift */,
			);
			path = Entity;
			sourceTree = "<group>";
		};
		F8643F4C2C11EF21000D15A5 /* Repository */ = {
			isa = PBXGroup;
			children = (
				F8643F4D2C11EF38000D15A5 /* SearchBookRepository.swift */,
			);
			path = Repository;
			sourceTree = "<group>";
		};
		F8643F4F2C11EF6F000D15A5 /* Base */ = {
			isa = PBXGroup;
			children = (
				F8643F302C11DFE3000D15A5 /* NetworkManager.swift */,
				F8643F4A2C11ED66000D15A5 /* URLSessionProtocol.swift */,
				F8643F322C11E343000D15A5 /* NetworkError.swift */,
			);
			path = Base;
			sourceTree = "<group>";
		};
		F8643F542C11F8E7000D15A5 /* Mock */ = {
			isa = PBXGroup;
			children = (
				F8643F562C11F8F9000D15A5 /* MockURLSession.swift */,
				F8643F582C11F9ED000D15A5 /* MockNetworkManager.swift */,
				F8643F912C12EE48000D15A5 /* MockSearchRepository.swift */,
			);
			path = Mock;
			sourceTree = "<group>";
		};
		F8643F5A2C12B9CE000D15A5 /* Presentation */ = {
			isa = PBXGroup;
			children = (
				F8643F952C12F1A3000D15A5 /* Book */,
				F8643F5B2C12B9E5000D15A5 /* Search */,
			);
			path = Presentation;
			sourceTree = "<group>";
		};
		F8643F5B2C12B9E5000D15A5 /* Search */ = {
			isa = PBXGroup;
			children = (
				F8643F662C12CEB7000D15A5 /* Component */,
				F8643F632C12C860000D15A5 /* Cell */,
				F8643F1F2C11DE84000D15A5 /* SearchViewController.swift */,
				F8643F5C2C12B9FC000D15A5 /* SearchViewModel.swift */,
				F8643F932C12F038000D15A5 /* SearchViewCoordinator.swift */,
			);
			path = Search;
			sourceTree = "<group>";
		};
		F8643F5E2C12C4AE000D15A5 /* Extension */ = {
			isa = PBXGroup;
			children = (
				F8643F5F2C12C4C2000D15A5 /* Extension + UITextField.swift */,
				F8643F642C12C8CF000D15A5 /* Extension + UIImageView.swift */,
				F80D4E5F2C140B7F00AA6B25 /* Extension + PDFView.swift */,
			);
			path = Extension;
			sourceTree = "<group>";
		};
		F8643F632C12C860000D15A5 /* Cell */ = {
			isa = PBXGroup;
			children = (
				F8643F612C12C85D000D15A5 /* SearchTableViewCell.swift */,
			);
			path = Cell;
			sourceTree = "<group>";
		};
		F8643F662C12CEB7000D15A5 /* Component */ = {
			isa = PBXGroup;
			children = (
				F8643F672C12CEC3000D15A5 /* SearchTextField.swift */,
			);
			path = Component;
			sourceTree = "<group>";
		};
		F8643F952C12F1A3000D15A5 /* Book */ = {
			isa = PBXGroup;
			children = (
				F8643F9C2C12F9D7000D15A5 /* Component */,
				F8643F962C12F1AF000D15A5 /* BookViewController.swift */,
				F8643F9A2C12F7E6000D15A5 /* BookView.swift */,
				F8643F982C12F1B6000D15A5 /* BookViewModel.swift */,
			);
			path = Book;
			sourceTree = "<group>";
		};
		F8643F9C2C12F9D7000D15A5 /* Component */ = {
			isa = PBXGroup;
			children = (
				F8643F9D2C12F9E1000D15A5 /* LinkButton.swift */,
			);
			path = Component;
			sourceTree = "<group>";
		};
/* End PBXGroup section */

/* Begin PBXNativeTarget section */
		F8643F172C11DE84000D15A5 /* MyBooks */ = {
			isa = PBXNativeTarget;
			buildConfigurationList = F8643F2C2C11DE84000D15A5 /* Build configuration list for PBXNativeTarget "MyBooks" */;
			buildPhases = (
				F8643F142C11DE84000D15A5 /* Sources */,
				F8643F152C11DE84000D15A5 /* Frameworks */,
				F8643F162C11DE84000D15A5 /* Resources */,
			);
			buildRules = (
			);
			dependencies = (
			);
			name = MyBooks;
			productName = MyBooks;
			productReference = F8643F182C11DE84000D15A5 /* MyBooks.app */;
			productType = "com.apple.product-type.application";
		};
		F8643F392C11E3E1000D15A5 /* MyBooksTests */ = {
			isa = PBXNativeTarget;
			buildConfigurationList = F8643F402C11E3E2000D15A5 /* Build configuration list for PBXNativeTarget "MyBooksTests" */;
			buildPhases = (
				F8643F362C11E3E1000D15A5 /* Sources */,
				F8643F372C11E3E1000D15A5 /* Frameworks */,
				F8643F382C11E3E1000D15A5 /* Resources */,
			);
			buildRules = (
			);
			dependencies = (
				F8643F3F2C11E3E2000D15A5 /* PBXTargetDependency */,
			);
			name = MyBooksTests;
			productName = MyBooksTests;
			productReference = F8643F3A2C11E3E1000D15A5 /* MyBooksTests.xctest */;
			productType = "com.apple.product-type.bundle.unit-test";
		};
/* End PBXNativeTarget section */

/* Begin PBXProject section */
		F8643F102C11DE83000D15A5 /* Project object */ = {
			isa = PBXProject;
			attributes = {
				BuildIndependentTargetsInParallel = 1;
				LastSwiftUpdateCheck = 1530;
				LastUpgradeCheck = 1530;
				TargetAttributes = {
					F8643F172C11DE84000D15A5 = {
						CreatedOnToolsVersion = 15.3;
					};
					F8643F392C11E3E1000D15A5 = {
						CreatedOnToolsVersion = 15.3;
						TestTargetID = F8643F172C11DE84000D15A5;
					};
				};
			};
			buildConfigurationList = F8643F132C11DE83000D15A5 /* Build configuration list for PBXProject "MyBooks" */;
			compatibilityVersion = "Xcode 14.0";
			developmentRegion = en;
			hasScannedForEncodings = 0;
			knownRegions = (
				en,
				Base,
			);
			mainGroup = F8643F0F2C11DE83000D15A5;
			productRefGroup = F8643F192C11DE84000D15A5 /* Products */;
			projectDirPath = "";
			projectRoot = "";
			targets = (
				F8643F172C11DE84000D15A5 /* MyBooks */,
				F8643F392C11E3E1000D15A5 /* MyBooksTests */,
			);
		};
/* End PBXProject section */

/* Begin PBXResourcesBuildPhase section */
		F8643F162C11DE84000D15A5 /* Resources */ = {
			isa = PBXResourcesBuildPhase;
			buildActionMask = 2147483647;
			files = (
				F8643F252C11DE84000D15A5 /* Assets.xcassets in Resources */,
			);
			runOnlyForDeploymentPostprocessing = 0;
		};
		F8643F382C11E3E1000D15A5 /* Resources */ = {
			isa = PBXResourcesBuildPhase;
			buildActionMask = 2147483647;
			files = (
			);
			runOnlyForDeploymentPostprocessing = 0;
		};
/* End PBXResourcesBuildPhase section */

/* Begin PBXSourcesBuildPhase section */
		F8643F142C11DE84000D15A5 /* Sources */ = {
			isa = PBXSourcesBuildPhase;
			buildActionMask = 2147483647;
			files = (
				F8643F5D2C12B9FC000D15A5 /* SearchViewModel.swift in Sources */,
				F8643F9B2C12F7E6000D15A5 /* BookView.swift in Sources */,
				F8643F312C11DFE3000D15A5 /* NetworkManager.swift in Sources */,
				F8643F512C11EF83000D15A5 /* BookNetwork.swift in Sources */,
				F8643F4E2C11EF38000D15A5 /* SearchBookRepository.swift in Sources */,
				F8643F972C12F1AF000D15A5 /* BookViewController.swift in Sources */,
				F80D4E632C140C0E00AA6B25 /* CacheManager.swift in Sources */,
				F8643F992C12F1B6000D15A5 /* BookViewModel.swift in Sources */,
				F8643F202C11DE84000D15A5 /* SearchViewController.swift in Sources */,
				F8643F682C12CEC3000D15A5 /* SearchTextField.swift in Sources */,
				F8643F472C11EA4E000D15A5 /* Book.swift in Sources */,
				F8643F1C2C11DE84000D15A5 /* AppDelegate.swift in Sources */,
				F8643F602C12C4C2000D15A5 /* Extension + UITextField.swift in Sources */,
				F80D4E602C140B7F00AA6B25 /* Extension + PDFView.swift in Sources */,
				F8643F622C12C85D000D15A5 /* SearchTableViewCell.swift in Sources */,
				F8643F4B2C11ED66000D15A5 /* URLSessionProtocol.swift in Sources */,
				F8643F942C12F038000D15A5 /* SearchViewCoordinator.swift in Sources */,
				F8643F492C11EAB4000D15A5 /* BookList.swift in Sources */,
				F8643F1E2C11DE84000D15A5 /* SceneDelegate.swift in Sources */,
				F8643F9E2C12F9E1000D15A5 /* LinkButton.swift in Sources */,
				F8643F652C12C8CF000D15A5 /* Extension + UIImageView.swift in Sources */,
				F8643F332C11E343000D15A5 /* NetworkError.swift in Sources */,
			);
			runOnlyForDeploymentPostprocessing = 0;
		};
		F8643F362C11E3E1000D15A5 /* Sources */ = {
			isa = PBXSourcesBuildPhase;
			buildActionMask = 2147483647;
			files = (
				F8643F572C11F8F9000D15A5 /* MockURLSession.swift in Sources */,
				F8643F442C11E3ED000D15A5 /* NetworkManagerTests.swift in Sources */,
				F8643F592C11F9ED000D15A5 /* MockNetworkManager.swift in Sources */,
				F8643F922C12EE48000D15A5 /* MockSearchRepository.swift in Sources */,
				F8643F532C11F592000D15A5 /* BookNetworkTests.swift in Sources */,
				F8643F902C12E673000D15A5 /* SearchViewModelTests.swift in Sources */,
			);
			runOnlyForDeploymentPostprocessing = 0;
		};
/* End PBXSourcesBuildPhase section */

/* Begin PBXTargetDependency section */
		F8643F3F2C11E3E2000D15A5 /* PBXTargetDependency */ = {
			isa = PBXTargetDependency;
			target = F8643F172C11DE84000D15A5 /* MyBooks */;
			targetProxy = F8643F3E2C11E3E2000D15A5 /* PBXContainerItemProxy */;
		};
/* End PBXTargetDependency section */

/* Begin XCBuildConfiguration section */
		F8643F2A2C11DE84000D15A5 /* Debug */ = {
			isa = XCBuildConfiguration;
			buildSettings = {
				ALWAYS_SEARCH_USER_PATHS = NO;
				ASSETCATALOG_COMPILER_GENERATE_SWIFT_ASSET_SYMBOL_EXTENSIONS = YES;
				CLANG_ANALYZER_NONNULL = YES;
				CLANG_ANALYZER_NUMBER_OBJECT_CONVERSION = YES_AGGRESSIVE;
				CLANG_CXX_LANGUAGE_STANDARD = "gnu++20";
				CLANG_ENABLE_MODULES = YES;
				CLANG_ENABLE_OBJC_ARC = YES;
				CLANG_ENABLE_OBJC_WEAK = YES;
				CLANG_WARN_BLOCK_CAPTURE_AUTORELEASING = YES;
				CLANG_WARN_BOOL_CONVERSION = YES;
				CLANG_WARN_COMMA = YES;
				CLANG_WARN_CONSTANT_CONVERSION = YES;
				CLANG_WARN_DEPRECATED_OBJC_IMPLEMENTATIONS = YES;
				CLANG_WARN_DIRECT_OBJC_ISA_USAGE = YES_ERROR;
				CLANG_WARN_DOCUMENTATION_COMMENTS = YES;
				CLANG_WARN_EMPTY_BODY = YES;
				CLANG_WARN_ENUM_CONVERSION = YES;
				CLANG_WARN_INFINITE_RECURSION = YES;
				CLANG_WARN_INT_CONVERSION = YES;
				CLANG_WARN_NON_LITERAL_NULL_CONVERSION = YES;
				CLANG_WARN_OBJC_IMPLICIT_RETAIN_SELF = YES;
				CLANG_WARN_OBJC_LITERAL_CONVERSION = YES;
				CLANG_WARN_OBJC_ROOT_CLASS = YES_ERROR;
				CLANG_WARN_QUOTED_INCLUDE_IN_FRAMEWORK_HEADER = YES;
				CLANG_WARN_RANGE_LOOP_ANALYSIS = YES;
				CLANG_WARN_STRICT_PROTOTYPES = YES;
				CLANG_WARN_SUSPICIOUS_MOVE = YES;
				CLANG_WARN_UNGUARDED_AVAILABILITY = YES_AGGRESSIVE;
				CLANG_WARN_UNREACHABLE_CODE = YES;
				CLANG_WARN__DUPLICATE_METHOD_MATCH = YES;
				COPY_PHASE_STRIP = NO;
				DEBUG_INFORMATION_FORMAT = dwarf;
				ENABLE_STRICT_OBJC_MSGSEND = YES;
				ENABLE_TESTABILITY = YES;
				ENABLE_USER_SCRIPT_SANDBOXING = YES;
				GCC_C_LANGUAGE_STANDARD = gnu17;
				GCC_DYNAMIC_NO_PIC = NO;
				GCC_NO_COMMON_BLOCKS = YES;
				GCC_OPTIMIZATION_LEVEL = 0;
				GCC_PREPROCESSOR_DEFINITIONS = (
					"DEBUG=1",
					"$(inherited)",
				);
				GCC_WARN_64_TO_32_BIT_CONVERSION = YES;
				GCC_WARN_ABOUT_RETURN_TYPE = YES_ERROR;
				GCC_WARN_UNDECLARED_SELECTOR = YES;
				GCC_WARN_UNINITIALIZED_AUTOS = YES_AGGRESSIVE;
				GCC_WARN_UNUSED_FUNCTION = YES;
				GCC_WARN_UNUSED_VARIABLE = YES;
				IPHONEOS_DEPLOYMENT_TARGET = 17.4;
				LOCALIZATION_PREFERS_STRING_CATALOGS = YES;
				MTL_ENABLE_DEBUG_INFO = INCLUDE_SOURCE;
				MTL_FAST_MATH = YES;
				ONLY_ACTIVE_ARCH = YES;
				SDKROOT = iphoneos;
				SWIFT_ACTIVE_COMPILATION_CONDITIONS = "DEBUG $(inherited)";
				SWIFT_OPTIMIZATION_LEVEL = "-Onone";
			};
			name = Debug;
		};
		F8643F2B2C11DE84000D15A5 /* Release */ = {
			isa = XCBuildConfiguration;
			buildSettings = {
				ALWAYS_SEARCH_USER_PATHS = NO;
				ASSETCATALOG_COMPILER_GENERATE_SWIFT_ASSET_SYMBOL_EXTENSIONS = YES;
				CLANG_ANALYZER_NONNULL = YES;
				CLANG_ANALYZER_NUMBER_OBJECT_CONVERSION = YES_AGGRESSIVE;
				CLANG_CXX_LANGUAGE_STANDARD = "gnu++20";
				CLANG_ENABLE_MODULES = YES;
				CLANG_ENABLE_OBJC_ARC = YES;
				CLANG_ENABLE_OBJC_WEAK = YES;
				CLANG_WARN_BLOCK_CAPTURE_AUTORELEASING = YES;
				CLANG_WARN_BOOL_CONVERSION = YES;
				CLANG_WARN_COMMA = YES;
				CLANG_WARN_CONSTANT_CONVERSION = YES;
				CLANG_WARN_DEPRECATED_OBJC_IMPLEMENTATIONS = YES;
				CLANG_WARN_DIRECT_OBJC_ISA_USAGE = YES_ERROR;
				CLANG_WARN_DOCUMENTATION_COMMENTS = YES;
				CLANG_WARN_EMPTY_BODY = YES;
				CLANG_WARN_ENUM_CONVERSION = YES;
				CLANG_WARN_INFINITE_RECURSION = YES;
				CLANG_WARN_INT_CONVERSION = YES;
				CLANG_WARN_NON_LITERAL_NULL_CONVERSION = YES;
				CLANG_WARN_OBJC_IMPLICIT_RETAIN_SELF = YES;
				CLANG_WARN_OBJC_LITERAL_CONVERSION = YES;
				CLANG_WARN_OBJC_ROOT_CLASS = YES_ERROR;
				CLANG_WARN_QUOTED_INCLUDE_IN_FRAMEWORK_HEADER = YES;
				CLANG_WARN_RANGE_LOOP_ANALYSIS = YES;
				CLANG_WARN_STRICT_PROTOTYPES = YES;
				CLANG_WARN_SUSPICIOUS_MOVE = YES;
				CLANG_WARN_UNGUARDED_AVAILABILITY = YES_AGGRESSIVE;
				CLANG_WARN_UNREACHABLE_CODE = YES;
				CLANG_WARN__DUPLICATE_METHOD_MATCH = YES;
				COPY_PHASE_STRIP = NO;
				DEBUG_INFORMATION_FORMAT = "dwarf-with-dsym";
				ENABLE_NS_ASSERTIONS = NO;
				ENABLE_STRICT_OBJC_MSGSEND = YES;
				ENABLE_USER_SCRIPT_SANDBOXING = YES;
				GCC_C_LANGUAGE_STANDARD = gnu17;
				GCC_NO_COMMON_BLOCKS = YES;
				GCC_WARN_64_TO_32_BIT_CONVERSION = YES;
				GCC_WARN_ABOUT_RETURN_TYPE = YES_ERROR;
				GCC_WARN_UNDECLARED_SELECTOR = YES;
				GCC_WARN_UNINITIALIZED_AUTOS = YES_AGGRESSIVE;
				GCC_WARN_UNUSED_FUNCTION = YES;
				GCC_WARN_UNUSED_VARIABLE = YES;
				IPHONEOS_DEPLOYMENT_TARGET = 17.4;
				LOCALIZATION_PREFERS_STRING_CATALOGS = YES;
				MTL_ENABLE_DEBUG_INFO = NO;
				MTL_FAST_MATH = YES;
				SDKROOT = iphoneos;
				SWIFT_COMPILATION_MODE = wholemodule;
				VALIDATE_PRODUCT = YES;
			};
			name = Release;
		};
		F8643F2D2C11DE84000D15A5 /* Debug */ = {
			isa = XCBuildConfiguration;
			buildSettings = {
				ASSETCATALOG_COMPILER_APPICON_NAME = AppIcon;
				ASSETCATALOG_COMPILER_GLOBAL_ACCENT_COLOR_NAME = AccentColor;
				CODE_SIGN_STYLE = Automatic;
				CURRENT_PROJECT_VERSION = 1;
				DEVELOPMENT_TEAM = L3B9L4FDBB;
				GENERATE_INFOPLIST_FILE = YES;
				INFOPLIST_FILE = MyBooks/Info.plist;
				INFOPLIST_KEY_UIApplicationSupportsIndirectInputEvents = YES;
				INFOPLIST_KEY_UILaunchStoryboardName = LaunchScreen;
				INFOPLIST_KEY_UIMainStoryboardFile = "";
				INFOPLIST_KEY_UISupportedInterfaceOrientations_iPad = "UIInterfaceOrientationPortrait UIInterfaceOrientationPortraitUpsideDown UIInterfaceOrientationLandscapeLeft UIInterfaceOrientationLandscapeRight";
				INFOPLIST_KEY_UISupportedInterfaceOrientations_iPhone = "UIInterfaceOrientationPortrait UIInterfaceOrientationLandscapeLeft UIInterfaceOrientationLandscapeRight";
				LD_RUNPATH_SEARCH_PATHS = (
					"$(inherited)",
					"@executable_path/Frameworks",
				);
				MARKETING_VERSION = 1.0;
				PRODUCT_BUNDLE_IDENTIFIER = inc.paytalab.MyBooks;
				PRODUCT_NAME = "$(TARGET_NAME)";
				SWIFT_EMIT_LOC_STRINGS = YES;
				SWIFT_VERSION = 5.0;
				TARGETED_DEVICE_FAMILY = "1,2";
			};
			name = Debug;
		};
		F8643F2E2C11DE84000D15A5 /* Release */ = {
			isa = XCBuildConfiguration;
			buildSettings = {
				ASSETCATALOG_COMPILER_APPICON_NAME = AppIcon;
				ASSETCATALOG_COMPILER_GLOBAL_ACCENT_COLOR_NAME = AccentColor;
				CODE_SIGN_STYLE = Automatic;
				CURRENT_PROJECT_VERSION = 1;
				DEVELOPMENT_TEAM = L3B9L4FDBB;
				GENERATE_INFOPLIST_FILE = YES;
				INFOPLIST_FILE = MyBooks/Info.plist;
				INFOPLIST_KEY_UIApplicationSupportsIndirectInputEvents = YES;
				INFOPLIST_KEY_UILaunchStoryboardName = LaunchScreen;
				INFOPLIST_KEY_UIMainStoryboardFile = "";
				INFOPLIST_KEY_UISupportedInterfaceOrientations_iPad = "UIInterfaceOrientationPortrait UIInterfaceOrientationPortraitUpsideDown UIInterfaceOrientationLandscapeLeft UIInterfaceOrientationLandscapeRight";
				INFOPLIST_KEY_UISupportedInterfaceOrientations_iPhone = "UIInterfaceOrientationPortrait UIInterfaceOrientationLandscapeLeft UIInterfaceOrientationLandscapeRight";
				LD_RUNPATH_SEARCH_PATHS = (
					"$(inherited)",
					"@executable_path/Frameworks",
				);
				MARKETING_VERSION = 1.0;
				PRODUCT_BUNDLE_IDENTIFIER = inc.paytalab.MyBooks;
				PRODUCT_NAME = "$(TARGET_NAME)";
				SWIFT_EMIT_LOC_STRINGS = YES;
				SWIFT_VERSION = 5.0;
				TARGETED_DEVICE_FAMILY = "1,2";
			};
			name = Release;
		};
		F8643F412C11E3E2000D15A5 /* Debug */ = {
			isa = XCBuildConfiguration;
			buildSettings = {
				BUNDLE_LOADER = "$(TEST_HOST)";
				CODE_SIGN_STYLE = Automatic;
				CURRENT_PROJECT_VERSION = 1;
				DEVELOPMENT_TEAM = L3B9L4FDBB;
				GENERATE_INFOPLIST_FILE = YES;
				MARKETING_VERSION = 1.0;
				PRODUCT_BUNDLE_IDENTIFIER = inc.paytalab.MyBooksTests;
				PRODUCT_NAME = "$(TARGET_NAME)";
				SWIFT_EMIT_LOC_STRINGS = NO;
				SWIFT_VERSION = 5.0;
				TARGETED_DEVICE_FAMILY = "1,2";
				TEST_HOST = "$(BUILT_PRODUCTS_DIR)/MyBooks.app/$(BUNDLE_EXECUTABLE_FOLDER_PATH)/MyBooks";
			};
			name = Debug;
		};
		F8643F422C11E3E2000D15A5 /* Release */ = {
			isa = XCBuildConfiguration;
			buildSettings = {
				BUNDLE_LOADER = "$(TEST_HOST)";
				CODE_SIGN_STYLE = Automatic;
				CURRENT_PROJECT_VERSION = 1;
				DEVELOPMENT_TEAM = L3B9L4FDBB;
				GENERATE_INFOPLIST_FILE = YES;
				MARKETING_VERSION = 1.0;
				PRODUCT_BUNDLE_IDENTIFIER = inc.paytalab.MyBooksTests;
				PRODUCT_NAME = "$(TARGET_NAME)";
				SWIFT_EMIT_LOC_STRINGS = NO;
				SWIFT_VERSION = 5.0;
				TARGETED_DEVICE_FAMILY = "1,2";
				TEST_HOST = "$(BUILT_PRODUCTS_DIR)/MyBooks.app/$(BUNDLE_EXECUTABLE_FOLDER_PATH)/MyBooks";
			};
			name = Release;
		};
/* End XCBuildConfiguration section */

/* Begin XCConfigurationList section */
		F8643F132C11DE83000D15A5 /* Build configuration list for PBXProject "MyBooks" */ = {
			isa = XCConfigurationList;
			buildConfigurations = (
				F8643F2A2C11DE84000D15A5 /* Debug */,
				F8643F2B2C11DE84000D15A5 /* Release */,
			);
			defaultConfigurationIsVisible = 0;
			defaultConfigurationName = Release;
		};
		F8643F2C2C11DE84000D15A5 /* Build configuration list for PBXNativeTarget "MyBooks" */ = {
			isa = XCConfigurationList;
			buildConfigurations = (
				F8643F2D2C11DE84000D15A5 /* Debug */,
				F8643F2E2C11DE84000D15A5 /* Release */,
			);
			defaultConfigurationIsVisible = 0;
			defaultConfigurationName = Release;
		};
		F8643F402C11E3E2000D15A5 /* Build configuration list for PBXNativeTarget "MyBooksTests" */ = {
			isa = XCConfigurationList;
			buildConfigurations = (
				F8643F412C11E3E2000D15A5 /* Debug */,
				F8643F422C11E3E2000D15A5 /* Release */,
			);
			defaultConfigurationIsVisible = 0;
			defaultConfigurationName = Release;
		};
/* End XCConfigurationList section */
	};
	rootObject = F8643F102C11DE83000D15A5 /* Project object */;
}
